
Microsoft Visual Studio Solution File, Format Version 12.00
# Visual Studio 15
VisualStudioVersion = 15.0.28307.271
MinimumVisualStudioVersion = 10.0.40219.1
Project("{F184B08F-C81C-45F6-A57F-5ABD9991F28F}") = "ConsoleApp2", "ConsoleApp2\ConsoleApp2.vbproj", "{3BC53283-7222-40CA-93EE-02A6527A8A5F}"
EndProject
Global
	GlobalSection(SolutionConfigurationPlatforms) = preSolution
		Debug|Any CPU = Debug|Any CPU
		Release|Any CPU = Release|Any CPU
	EndGlobalSection
	GlobalSection(ProjectConfigurationPlatforms) = postSolution
		{3BC53283-7222-40CA-93EE-02A6527A8A5F}.Debug|Any CPU.ActiveCfg = Debug|Any CPU
		{3BC53283-7222-40CA-93EE-02A6527A8A5F}.Debug|Any CPU.Build.0 = Debug|Any CPU
		{3BC53283-7222-40CA-93EE-02A6527A8A5F}.Release|Any CPU.ActiveCfg = Release|Any CPU
		{3BC53283-7222-40CA-93EE-02A6527A8A5F}.Release|Any CPU.Build.0 = Release|Any CPU
	EndGlobalSection
	GlobalSection(SolutionProperties) = preSolution
		HideSolutionNode = FALSE
	EndGlobalSection
	GlobalSection(ExtensibilityGlobals) = postSolution
		SolutionGuid = {726C437D-F626-43A5-BCFE-CEED6C556E8E}
	EndGlobalSection
EndGlobal
